# This file is automatically @generated by Cargo.
# It is not intended for manual editing.
version = 3

[[package]]
name = "aho-corasick"
version = "1.1.4"
source = "registry+https://github.com/rust-lang/crates.io-index"
checksum = "ddd31a130427c27518df266943a5308ed92d4b226cc639f5a8f1002816174301"
dependencies = [
 "memchr",
]

[[package]]
name = "cfg-if"
version = "1.0.4"
source = "registry+https://github.com/rust-lang/crates.io-index"
checksum = "9330f8b2ff13f34540b44e946ef35111825727b38d33286ef986142615121801"

[[package]]
name = "foldhash"
version = "0.2.0"
source = "registry+https://github.com/rust-lang/crates.io-index"
checksum = "77ce24cb58228fbb8aa041425bb1050850ac19177686ea6e0f41a70416f56fdb"

[[package]]
name = "glob"
version = "0.3.3"
source = "registry+https://github.com/rust-lang/crates.io-index"
checksum = "0cc23270f6e1808e30a928bdc84dea0b9b4136a8bc82338574f23baf47bbd280"

[[package]]
name = "itoa"
version = "1.0.18"
source = "registry+https://github.com/rust-lang/crates.io-index"
checksum = "8f42a60cbdf9a97f5d2305f08a87dc4e09308d1276d28c869c684d7777685682"

[[package]]
name = "libc"
version = "0.2.183"
source = "registry+https://github.com/rust-lang/crates.io-index"
checksum = "b5b646652bf6661599e1da8901b3b9522896f01e736bad5f723fe7a3a27f899d"

[[package]]
name = "memchr"
version = "2.8.0"
source = "registry+https://github.com/rust-lang/crates.io-index"
checksum = "f8ca58f447f06ed17d5fc4043ce1b10dd205e060fb3ce5b979b8ed8e59ff3f79"

[[package]]
name = "mio"
version = "1.1.1"
source = "registry+https://github.com/rust-lang/crates.io-index"
checksum = "a69bcab0ad47271a0234d9422b131806bf3968021e5dc9328caf2d4cd58557fc"
dependencies = [
 "libc",
 "wasi",
 "windows-sys",
]

[[package]]
name = "pin-project-lite"
version = "0.2.17"
source = "registry+https://github.com/rust-lang/crates.io-index"
checksum = "a89322df9ebe1c1578d689c92318e070967d1042b512afbe49518723f4e6d5cd"

[[package]]
name = "proc-macro2"
version = "1.0.106"
source = "registry+https://github.com/rust-lang/crates.io-index"
checksum = "8fd00f0bb2e90d81d1044c2b32617f68fcb9fa3bb7640c23e9c748e53fb30934"
dependencies = [
 "unicode-ident",
]

[[package]]
name = "quote"
version = "1.0.45"
source = "registry+https://github.com/rust-lang/crates.io-index"
checksum = "41f2619966050689382d2b44f664f4bc593e129785a36d6ee376ddf37259b924"
dependencies = [
 "proc-macro2",
]

[[package]]
name = "regex"
version = "1.12.3"
source = "registry+https://github.com/rust-lang/crates.io-index"
checksum = "e10754a14b9137dd7b1e3e5b0493cc9171fdd105e0ab477f51b72e7f3ac0e276"
dependencies = [
 "aho-corasick",
 "memchr",
 "regex-automata",
 "regex-syntax",
]

[[package]]
name = "regex-automata"
version = "0.4.14"
source = "registry+https://github.com/rust-lang/crates.io-index"
checksum = "6e1dd4122fc1595e8162618945476892eefca7b88c52820e74af6262213cae8f"
dependencies = [
 "aho-corasick",
 "memchr",
 "regex-syntax",
]

[[package]]
name = "regex-syntax"
version = "0.8.10"
source = "registry+https://github.com/rust-lang/crates.io-index"
checksum = "dc897dd8d9e8bd1ed8cdad82b5966c3e0ecae09fb1907d58efaa013543185d0a"

[[package]]
name = "relative-path"
version = "1.9.3"
source = "registry+https://github.com/rust-lang/crates.io-index"
checksum = "ba39f3699c378cd8970968dcbff9c43159ea4cfbd88d43c00b22f2ef10a435d2"

[[package]]
name = "rstest"
version = "0.26.1"
source = "registry+https://github.com/rust-lang/crates.io-index"
checksum = "f5a3193c063baaa2a95a33f03035c8a72b83d97a54916055ba22d35ed3839d49"
dependencies = [
 "rstest_macros",
]

[[package]]
name = "rstest_macros"
version = "0.26.1"
source = "registry+https://github.com/rust-lang/crates.io-index"
checksum = "9c845311f0ff7951c5506121a9ad75aec44d083c31583b2ea5a30bcb0b0abba0"
dependencies = [
 "cfg-if",
 "glob",
 "proc-macro2",
 "quote",
 "regex",
 "relative-path",
 "rustc_version",
 "syn",
 "unicode-ident",
]

[[package]]
name = "rustc_version"
version = "0.4.1"
source = "registry+https://github.com/rust-lang/crates.io-index"
checksum = "cfcb3a22ef46e85b45de6ee7e79d063319ebb6594faafcf1c225ea92ab6e9b92"
dependencies = [
 "semver",
]

[[package]]
name = "semver"
version = "1.0.27"
source = "registry+https://github.com/rust-lang/crates.io-index"
checksum = "d767eb0aabc880b29956c35734170f26ed551a859dbd361d140cdbeca61ab1e2"

[[package]]
name = "serde"
version = "1.0.228"
source = "registry+https://github.com/rust-lang/crates.io-index"
checksum = "9a8e94ea7f378bd32cbbd37198a4a91436180c5bb472411e48b5ec2e2124ae9e"
dependencies = [
 "serde_core",
]

[[package]]
name = "serde_core"
version = "1.0.228"
source = "registry+https://github.com/rust-lang/crates.io-index"
checksum = "41d385c7d4ca58e59fc732af25c3983b67ac852c1a25000afe1175de458b67ad"
dependencies = [
 "serde_derive",
]

[[package]]
name = "serde_derive"
version = "1.0.228"
source = "registry+https://github.com/rust-lang/crates.io-index"
checksum = "d540f220d3187173da220f885ab66608367b6574e925011a9353e4badda91d79"
dependencies = [
 "proc-macro2",
 "quote",
 "syn",
]

[[package]]
name = "serde_test"
version = "1.0.177"
source = "registry+https://github.com/rust-lang/crates.io-index"
checksum = "7f901ee573cab6b3060453d2d5f0bae4e6d628c23c0a962ff9b5f1d7c8d4f1ed"
dependencies = [
 "serde",
]

[[package]]
name = "socket2"
version = "0.6.3"
source = "registry+https://github.com/rust-lang/crates.io-index"
checksum = "3a766e1110788c36f4fa1c2b71b387a7815aa65f88ce0229841826633d93723e"
dependencies = [
 "libc",
 "windows-sys",
]

[[package]]
name = "syn"
version = "2.0.117"
source = "registry+https://github.com/rust-lang/crates.io-index"
checksum = "e665b8803e7b1d2a727f4023456bbbbe74da67099c585258af0ad9c5013b9b99"
dependencies = [
 "proc-macro2",
 "quote",
 "unicode-ident",
]

[[package]]
name = "tokio"
version = "1.50.0"
source = "registry+https://github.com/rust-lang/crates.io-index"
checksum = "27ad5e34374e03cfffefc301becb44e9dc3c17584f414349ebe29ed26661822d"
dependencies = [
 "libc",
 "mio",
 "pin-project-lite",
 "socket2",
 "tokio-macros",
 "windows-sys",
]

[[package]]
name = "tokio-macros"
version = "2.6.1"
source = "registry+https://github.com/rust-lang/crates.io-index"
checksum = "5c55a2eff8b69ce66c84f85e1da1c233edc36ceb85a2058d11b0d6a3c7e7569c"
dependencies = [
 "proc-macro2",
 "quote",
 "syn",
]

[[package]]
name = "uaddr"
version = "0.4.1"
dependencies = [
 "foldhash",
 "itoa",
 "libc",
 "memchr",
 "rstest",
 "serde",
 "serde_test",
 "socket2",
 "tokio",
 "uaddr",
 "wrapper-lite",
]

[[package]]
name = "unicode-ident"
version = "1.0.24"
source = "registry+https://github.com/rust-lang/crates.io-index"
checksum = "e6e4313cd5fcd3dad5cafa179702e2b244f760991f45397d14d4ebf38247da75"

[[package]]
name = "wasi"
version = "0.11.1+wasi-snapshot-preview1"
source = "registry+https://github.com/rust-lang/crates.io-index"
checksum = "ccf3ec651a847eb01de73ccad15eb7d99f80485de043efb2f370cd654f4ea44b"

[[package]]
name = "windows-link"
version = "0.2.1"
source = "registry+https://github.com/rust-lang/crates.io-index"
checksum = "f0805222e57f7521d6a62e36fa9163bc891acd422f971defe97d64e70d0a4fe5"

[[package]]
name = "windows-sys"
version = "0.61.2"
source = "registry+https://github.com/rust-lang/crates.io-index"
checksum = "ae137229bcbd6cdf0f7b80a31df61766145077ddf49416a728b02cb3921ff3fc"
dependencies = [
 "windows-link",
]

[[package]]
name = "wrapper-lite"
version = "0.4.0"
source = "registry+https://github.com/rust-lang/crates.io-index"
checksum = "ee826bf0782bfbdc029b96adb7fe0f99de7354b68f33aa499794e48c78c86328"
